
Microsoft Visual Studio Solution File, Format Version 12.00
# Visual Studio Version 17
VisualStudioVersion = 17.7.34009.444
MinimumVisualStudioVersion = 10.0.40219.1
Project("{FAE04EC0-301F-11D3-BF4B-00C04F79EFBC}") = "QuanLiVatTu_PhanTan", "QuanLiVatTu_PhanTan\QuanLiVatTu_PhanTan.csproj", "{0776D568-8CBF-4D91-BED5-445565F6B063}"
EndProject
Global
	GlobalSection(SolutionConfigurationPlatforms) = preSolution
		Debug|Any CPU = Debug|Any CPU
		Release|Any CPU = Release|Any CPU
	EndGlobalSection
	GlobalSection(ProjectConfigurationPlatforms) = postSolution
		{0776D568-8CBF-4D91-BED5-445565F6B063}.Debug|Any CPU.ActiveCfg = Debug|Any CPU
		{0776D568-8CBF-4D91-BED5-445565F6B063}.Debug|Any CPU.Build.0 = Debug|Any CPU
		{0776D568-8CBF-4D91-BED5-445565F6B063}.Release|Any CPU.ActiveCfg = Release|Any CPU
		{0776D568-8CBF-4D91-BED5-445565F6B063}.Release|Any CPU.Build.0 = Release|Any CPU
	EndGlobalSection
	GlobalSection(SolutionProperties) = preSolution
		HideSolutionNode = FALSE
	EndGlobalSection
	GlobalSection(ExtensibilityGlobals) = postSolution
		SolutionGuid = {0A710EC0-3B51-4E8C-9F5F-94D09176288C}
	EndGlobalSection
EndGlobal
